
Microsoft Visual Studio Solution File, Format Version 12.00
# Visual Studio Version 16
VisualStudioVersion = 16.0.33927.289
MinimumVisualStudioVersion = 10.0.40219.1
Project("{FAE04EC0-301F-11D3-BF4B-00C04F79EFBC}") = "Zadanie 1", "Zadanie 1\Zadanie 1.csproj", "{12E0F7A3-E5A1-4FE6-A391-0D45E69E58AF}"
EndProject
Global
	GlobalSection(SolutionConfigurationPlatforms) = preSolution
		Debug|Any CPU = Debug|Any CPU
		Release|Any CPU = Release|Any CPU
	EndGlobalSection
	GlobalSection(ProjectConfigurationPlatforms) = postSolution
		{12E0F7A3-E5A1-4FE6-A391-0D45E69E58AF}.Debug|Any CPU.ActiveCfg = Debug|Any CPU
		{12E0F7A3-E5A1-4FE6-A391-0D45E69E58AF}.Debug|Any CPU.Build.0 = Debug|Any CPU
		{12E0F7A3-E5A1-4FE6-A391-0D45E69E58AF}.Release|Any CPU.ActiveCfg = Release|Any CPU
		{12E0F7A3-E5A1-4FE6-A391-0D45E69E58AF}.Release|Any CPU.Build.0 = Release|Any CPU
	EndGlobalSection
	GlobalSection(SolutionProperties) = preSolution
		HideSolutionNode = FALSE
	EndGlobalSection
	GlobalSection(ExtensibilityGlobals) = postSolution
		SolutionGuid = {00D99BC9-E7E6-4930-8809-3D939E30D111}
	EndGlobalSection
EndGlobal
